Microsoft Visual Studio Solution File, Format Version 12.00
# Visual Studio Version 16
VisualStudioVersion = 16.0.29519.181
MinimumVisualStudioVersion = 10.0.40219.1
Project("{FAE04EC0-301F-11D3-BF4B-00C04F79EFBC}") = "LuisAutoMailer", "LuisAutoMailer\LuisAutoMailer.csproj", "{9BC6D61A-5D4B-4D57-BC6B-5E3F9D04377E}"
EndProject
Project("{E24C65DC-7377-472B-9ABA-BC803B73C61A}") = "AcumaticaHackDB", "http://localhost/AcumaticaHackDB", "{8AFF0A48-96EC-4C9D-AA84-EFD33280339D}"
	ProjectSection(WebsiteProperties) = preProject
		UseIISExpress = "false"
		TargetFrameworkMoniker = ".NETFramework,Version%3Dv4.8"
		Debug.AspNetCompiler.VirtualPath = "/AcumaticaHackDB"
		Debug.AspNetCompiler.PhysicalPath = "..\..\..\..\..\..\..\Acumatica\AcumaticaHackDB\"
		Debug.AspNetCompiler.TargetPath = "PrecompiledWeb\AcumaticaHackDB\"
		Debug.AspNetCompiler.Updateable = "true"
		Debug.AspNetCompiler.ForceOverwrite = "true"
		Debug.AspNetCompiler.FixedNames = "false"
		Debug.AspNetCompiler.Debug = "True"
		Release.AspNetCompiler.VirtualPath = "/AcumaticaHackDB"
		Release.AspNetCompiler.PhysicalPath = "..\..\..\..\..\..\..\Acumatica\AcumaticaHackDB\"
		Release.AspNetCompiler.TargetPath = "PrecompiledWeb\AcumaticaHackDB\"
		Release.AspNetCompiler.Updateable = "true"
		Release.AspNetCompiler.ForceOverwrite = "true"
		Release.AspNetCompiler.FixedNames = "false"
		Release.AspNetCompiler.Debug = "False"
		SlnRelativePath = "..\..\..\..\..\..\..\Acumatica\AcumaticaHackDB\"
	EndProjectSection
EndProject
Global
	GlobalSection(SolutionConfigurationPlatforms) = preSolution
		Debug|Any CPU = Debug|Any CPU
	EndGlobalSection
	GlobalSection(ProjectConfigurationPlatforms) = postSolution
		{9BC6D61A-5D4B-4D57-BC6B-5E3F9D04377E}.Debug|Any CPU.ActiveCfg = Debug|Any CPU
		{9BC6D61A-5D4B-4D57-BC6B-5E3F9D04377E}.Debug|Any CPU.Build.0 = Debug|Any CPU
		{8AFF0A48-96EC-4C9D-AA84-EFD33280339D}.Debug|Any CPU.ActiveCfg = Debug|Any CPU
		{8AFF0A48-96EC-4C9D-AA84-EFD33280339D}.Debug|Any CPU.Build.0 = Debug|Any CPU
	EndGlobalSection
	GlobalSection(SolutionProperties) = preSolution
		HideSolutionNode = FALSE
	EndGlobalSection
	GlobalSection(ExtensibilityGlobals) = postSolution
		SolutionGuid = {1CAA6E88-540B-4E52-8E9D-AC67312127F7}
	EndGlobalSection
EndGlobal
